<Solution>
  <Project Path="Assembly-CSharp.csproj" />
  <Project Path="AmazonGameLiftPlugin.EditorCoreAPI.csproj" />
  <Project Path="Unity.Mirror.CodeGen.csproj" />
  <Project Path="Edgegap.csproj" />
  <Project Path="com.rlabrecque.steamworks.net.csproj" />
  <Project Path="Mirror.Components.csproj" />
  <Project Path="Mirror.Editor.csproj" />
  <Project Path="AmazonGameLiftPlugin.Runtime.UnitTests.csproj" />
  <Project Path="Mirror.Examples.csproj" />
  <Project Path="kcp2k.csproj" />
  <Project Path="AmazonGameLiftPlugin.Editor.csproj" />
  <Project Path="AmazonGameLiftPlugin.Runtime.Core.csproj" />
  <Project Path="Mirror.csproj" />
  <Project Path="SimpleWebTransport.csproj" />
  <Project Path="FizzySteamworks.csproj" />
  <Project Path="Mirror.Authenticators.csproj" />
  <Project Path="Mirror.Transports.csproj" />
  <Project Path="EncryptionTransportEditor.csproj" />
  <Project Path="com.rlabrecque.steamworks.net.editor.csproj" />
  <Project Path="AmazonGameLiftPlugin.Editor.UnitTests.csproj" />
  <Project Path="Telepathy.csproj" />
  <Project Path="ParrelSync.csproj" />
  <Project Path="Assembly-CSharp-Editor.csproj" />
  <Project Path="Unity.InputSystem.RebindingUI.csproj" />
  <Project Path="AmazonGameLiftPlugin.ContainersFlexMatch.csproj" />
  <Project Path="AmazonGameLiftPlugin.Runtime.csproj" />
  <Project Path="Mirror.CompilerSymbols.csproj" />
  <Project Path="AmazonGameLiftPlugin.SingleFleet.csproj" />
  <Project Path="AmazonGameLiftPlugin.ContainersSingleFleet.csproj" />
  <Project Path="AmazonGameLiftPlugin.FlexMatch.csproj" />
</Solution>
